# THIS IS AN AUTOGENERATED FILE. DO NOT EDIT THIS FILE DIRECTLY.
# yarn lockfile v1


"@types/validator@^13.1.0":
  version "13.1.0"
  resolved "https://registry.yarnpkg.com/@types/validator/-/validator-13.1.0.tgz#3d776127dbce7dd31fc06f86d3428b072e631eba"
  integrity sha512-gHUHI6pJaANIO2r6WcbT7+WMgbL9GZooR4tWpuBOETpDIqFNxwaJluE+6rj6VGYe8k6OkfhbHz2Fkm8kl06Igw==

validator@^13.1.17:
  version "13.1.17"
  resolved "https://registry.yarnpkg.com/validator/-/validator-13.1.17.tgz#ad677736950adddd3c37209484a6b2e0966579ad"
  integrity sha512-zL5QBoemJ3jYFb2/j38y7ljhwYGXVLUp8H6W1nVxadnAOvUOytec+L7BHh1oBQ82/TzWXHd+GSaxUWp4lROkLg==
